
Microsoft Visual Studio Solution File, Format Version 12.00
# Visual Studio 15
VisualStudioVersion = 15.0.27703.2042
MinimumVisualStudioVersion = 10.0.40219.1
Project("{FAE04EC0-301F-11D3-BF4B-00C04F79EFBC}") = "CoffeeAndTea", "CoffeeAndTea\CoffeeAndTea.csproj", "{4A44CFAF-4EE5-48DE-9AC6-775ED98B373E}"
EndProject
Global
	GlobalSection(SolutionConfigurationPlatforms) = preSolution
		Debug|Any CPU = Debug|Any CPU
		Release|Any CPU = Release|Any CPU
	EndGlobalSection
	GlobalSection(ProjectConfigurationPlatforms) = postSolution
		{4A44CFAF-4EE5-48DE-9AC6-775ED98B373E}.Debug|Any CPU.ActiveCfg = Debug|Any CPU
		{4A44CFAF-4EE5-48DE-9AC6-775ED98B373E}.Debug|Any CPU.Build.0 = Debug|Any CPU
		{4A44CFAF-4EE5-48DE-9AC6-775ED98B373E}.Release|Any CPU.ActiveCfg = Release|Any CPU
		{4A44CFAF-4EE5-48DE-9AC6-775ED98B373E}.Release|Any CPU.Build.0 = Release|Any CPU
	EndGlobalSection
	GlobalSection(SolutionProperties) = preSolution
		HideSolutionNode = FALSE
	EndGlobalSection
	GlobalSection(ExtensibilityGlobals) = postSolution
		SolutionGuid = {F3915153-8C7C-454F-B049-318A619E27D1}
	EndGlobalSection
EndGlobal
